# THIS IS AN AUTOGENERATED FILE. DO NOT EDIT THIS FILE DIRECTLY.
# yarn lockfile v1


"@openzeppelin/contracts@npm:@openzeppelin/contracts":
  version "5.0.0"
  resolved "https://registry.yarnpkg.com/@openzeppelin/contracts/-/contracts-5.0.0.tgz#ee0e4b4564f101a5c4ee398cd4d73c0bd92b289c"
  integrity sha512-bv2sdS6LKqVVMLI5+zqnNrNU/CA+6z6CmwFXm/MzmOPBRSO5reEJN7z0Gbzvs0/bv/MZZXNklubpwy3v2+azsw==

"forge-std@https://github.com/foundry-rs/forge-std.git#fc560fa34fa12a335a50c35d92e55a6628ca467c":
  version "1.5.3"
  resolved "https://github.com/foundry-rs/forge-std.git#fc560fa34fa12a335a50c35d92e55a6628ca467c"
